
Microsoft Visual Studio Solution File, Format Version 12.00
# Visual Studio 15
VisualStudioVersion = 15.0.28307.572
MinimumVisualStudioVersion = 10.0.40219.1
Project("{FAE04EC0-301F-11D3-BF4B-00C04F79EFBC}") = "Test_Task", "Test_Task\Test_Task.csproj", "{61ECA449-C63A-4154-9DD1-60B0BE531185}"
EndProject
Project("{FAE04EC0-301F-11D3-BF4B-00C04F79EFBC}") = "Third_Task", "Third_Task\Third_Task.csproj", "{F13281FF-5B65-4E43-B3B8-4C1B02090CE9}"
EndProject
Project("{FAE04EC0-301F-11D3-BF4B-00C04F79EFBC}") = "Second_Task", "Second_Task\Second_Task.csproj", "{CC186902-08A0-4DD1-A88A-20349474EF1F}"
EndProject
Project("{9A19103F-16F7-4668-BE54-9A1E7A4F7556}") = "Fourth_Task", "Fourth_Task\Fourth_Task.csproj", "{BC43AC07-6928-4202-9748-0C8717542360}"
EndProject
Project("{FAE04EC0-301F-11D3-BF4B-00C04F79EFBC}") = "Sixth_Task", "Sixth_Task\Sixth_Task.csproj", "{57551AE1-CAD8-4BE8-8C30-8ECCCD6B2583}"
EndProject
Global
	GlobalSection(SolutionConfigurationPlatforms) = preSolution
		Debug|Any CPU = Debug|Any CPU
		Release|Any CPU = Release|Any CPU
	EndGlobalSection
	GlobalSection(ProjectConfigurationPlatforms) = postSolution
		{61ECA449-C63A-4154-9DD1-60B0BE531185}.Debug|Any CPU.ActiveCfg = Debug|Any CPU
		{61ECA449-C63A-4154-9DD1-60B0BE531185}.Debug|Any CPU.Build.0 = Debug|Any CPU
		{61ECA449-C63A-4154-9DD1-60B0BE531185}.Release|Any CPU.ActiveCfg = Release|Any CPU
		{61ECA449-C63A-4154-9DD1-60B0BE531185}.Release|Any CPU.Build.0 = Release|Any CPU
		{F13281FF-5B65-4E43-B3B8-4C1B02090CE9}.Debug|Any CPU.ActiveCfg = Debug|Any CPU
		{F13281FF-5B65-4E43-B3B8-4C1B02090CE9}.Debug|Any CPU.Build.0 = Debug|Any CPU
		{F13281FF-5B65-4E43-B3B8-4C1B02090CE9}.Release|Any CPU.ActiveCfg = Release|Any CPU
		{F13281FF-5B65-4E43-B3B8-4C1B02090CE9}.Release|Any CPU.Build.0 = Release|Any CPU
		{CC186902-08A0-4DD1-A88A-20349474EF1F}.Debug|Any CPU.ActiveCfg = Debug|Any CPU
		{CC186902-08A0-4DD1-A88A-20349474EF1F}.Debug|Any CPU.Build.0 = Debug|Any CPU
		{CC186902-08A0-4DD1-A88A-20349474EF1F}.Release|Any CPU.ActiveCfg = Release|Any CPU
		{CC186902-08A0-4DD1-A88A-20349474EF1F}.Release|Any CPU.Build.0 = Release|Any CPU
		{BC43AC07-6928-4202-9748-0C8717542360}.Debug|Any CPU.ActiveCfg = Debug|Any CPU
		{BC43AC07-6928-4202-9748-0C8717542360}.Debug|Any CPU.Build.0 = Debug|Any CPU
		{BC43AC07-6928-4202-9748-0C8717542360}.Release|Any CPU.ActiveCfg = Release|Any CPU
		{BC43AC07-6928-4202-9748-0C8717542360}.Release|Any CPU.Build.0 = Release|Any CPU
		{57551AE1-CAD8-4BE8-8C30-8ECCCD6B2583}.Debug|Any CPU.ActiveCfg = Debug|Any CPU
		{57551AE1-CAD8-4BE8-8C30-8ECCCD6B2583}.Debug|Any CPU.Build.0 = Debug|Any CPU
		{57551AE1-CAD8-4BE8-8C30-8ECCCD6B2583}.Release|Any CPU.ActiveCfg = Release|Any CPU
		{57551AE1-CAD8-4BE8-8C30-8ECCCD6B2583}.Release|Any CPU.Build.0 = Release|Any CPU
	EndGlobalSection
	GlobalSection(SolutionProperties) = preSolution
		HideSolutionNode = FALSE
	EndGlobalSection
	GlobalSection(ExtensibilityGlobals) = postSolution
		SolutionGuid = {F603401F-C05A-4C77-8367-D5D8E3A34CCF}
	EndGlobalSection
EndGlobal
